// !$*UTF8*$!
{
	archiveVersion = 1;
	classes = {
	};
	objectVersion = 56;
	objects = {

/* Begin PBXBuildFile section */
		A05DB3422A61D59F008753E2 /* AppDelegate.swift in Sources */ = {isa = PBXBuildFile; fileRef = A05DB3412A61D59F008753E2 /* AppDelegate.swift */; };
		A05DB3442A61D59F008753E2 /* SceneDelegate.swift in Sources */ = {isa = PBXBuildFile; fileRef = A05DB3432A61D59F008753E2 /* SceneDelegate.swift */; };
		A05DB3462A61D59F008753E2 /* ViewController.swift in Sources */ = {isa = PBXBuildFile; fileRef = A05DB3452A61D59F008753E2 /* ViewController.swift */; };
		A05DB3492A61D59F008753E2 /* Main.storyboard in Resources */ = {isa = PBXBuildFile; fileRef = A05DB3472A61D59F008753E2 /* Main.storyboard */; };
		A05DB34B2A61D59F008753E2 /* Assets.xcassets in Resources */ = {isa = PBXBuildFile; fileRef = A05DB34A2A61D59F008753E2 /* Assets.xcassets */; };
		A05DB34E2A61D59F008753E2 /* LaunchScreen.storyboard in Resources */ = {isa = PBXBuildFile; fileRef = A05DB34C2A61D59F008753E2 /* LaunchScreen.storyboard */; };
		A06C54C72A6E2D5900E2AD3F /* userInformation.swift in Sources */ = {isa = PBXBuildFile; fileRef = A06C54C62A6E2D5900E2AD3F /* userInformation.swift */; };
		A06C54CB2A6EDBEE00E2AD3F /* ViewController_signIn.swift in Sources */ = {isa = PBXBuildFile; fileRef = A06C54CA2A6EDBEE00E2AD3F /* ViewController_signIn.swift */; };
		A0E3A4092A72224E00A8EFB1 /* ViewController_addInfo_signIn.swift in Sources */ = {isa = PBXBuildFile; fileRef = A0E3A4072A72224E00A8EFB1 /* ViewController_addInfo_signIn.swift */; };
		A0E3A40A2A72224E00A8EFB1 /* ViewController_addInfo_signIn.xib in Resources */ = {isa = PBXBuildFile; fileRef = A0E3A4082A72224E00A8EFB1 /* ViewController_addInfo_signIn.xib */; };
/* End PBXBuildFile section */

/* Begin PBXFileReference section */
		A05DB33E2A61D59F008753E2 /* SignUp.app */ = {isa = PBXFileReference; explicitFileType = wrapper.application; includeInIndex = 0; path = SignUp.app; sourceTree = BUILT_PRODUCTS_DIR; };
		A05DB3412A61D59F008753E2 /* AppDelegate.swift */ = {isa = PBXFileReference; lastKnownFileType = sourcecode.swift; path = AppDelegate.swift; sourceTree = "<group>"; };
		A05DB3432A61D59F008753E2 /* SceneDelegate.swift */ = {isa = PBXFileReference; lastKnownFileType = sourcecode.swift; path = SceneDelegate.swift; sourceTree = "<group>"; };
		A05DB3452A61D59F008753E2 /* ViewController.swift */ = {isa = PBXFileReference; lastKnownFileType = sourcecode.swift; path = ViewController.swift; sourceTree = "<group>"; };
		A05DB3482A61D59F008753E2 /* Base */ = {isa = PBXFileReference; lastKnownFileType = file.storyboard; name = Base; path = Base.lproj/Main.storyboard; sourceTree = "<group>"; };
		A05DB34A2A61D59F008753E2 /* Assets.xcassets */ = {isa = PBXFileReference; lastKnownFileType = folder.assetcatalog; path = Assets.xcassets; sourceTree = "<group>"; };
		A05DB34D2A61D59F008753E2 /* Base */ = {isa = PBXFileReference; lastKnownFileType = file.storyboard; name = Base; path = Base.lproj/LaunchScreen.storyboard; sourceTree = "<group>"; };
		A05DB34F2A61D59F008753E2 /* Info.plist */ = {isa = PBXFileReference; lastKnownFileType = text.plist.xml; path = Info.plist; sourceTree = "<group>"; };
		A06C54C62A6E2D5900E2AD3F /* userInformation.swift */ = {isa = PBXFileReference; lastKnownFileType = sourcecode.swift; path = userInformation.swift; sourceTree = "<group>"; };
		A06C54CA2A6EDBEE00E2AD3F /* ViewController_signIn.swift */ = {isa = PBXFileReference; lastKnownFileType = sourcecode.swift; path = ViewController_signIn.swift; sourceTree = "<group>"; };
		A0E3A4072A72224E00A8EFB1 /* ViewController_addInfo_signIn.swift */ = {isa = PBXFileReference; lastKnownFileType = sourcecode.swift; path = ViewController_addInfo_signIn.swift; sourceTree = "<group>"; };
		A0E3A4082A72224E00A8EFB1 /* ViewController_addInfo_signIn.xib */ = {isa = PBXFileReference; lastKnownFileType = file.xib; path = ViewController_addInfo_signIn.xib; sourceTree = "<group>"; };
/* End PBXFileReference section */

/* Begin PBXFrameworksBuildPhase section */
		A05DB33B2A61D59F008753E2 /* Frameworks */ = {
			isa = PBXFrameworksBuildPhase;
			buildActionMask = 2147483647;
			files = (
			);
			runOnlyForDeploymentPostprocessing = 0;
		};
/* End PBXFrameworksBuildPhase section */

/* Begin PBXGroup section */
		A05DB3352A61D59F008753E2 = {
			isa = PBXGroup;
			children = (
				A05DB3402A61D59F008753E2 /* SignUp */,
				A05DB33F2A61D59F008753E2 /* Products */,
			);
			sourceTree = "<group>";
		};
		A05DB33F2A61D59F008753E2 /* Products */ = {
			isa = PBXGroup;
			children = (
				A05DB33E2A61D59F008753E2 /* SignUp.app */,
			);
			name = Products;
			sourceTree = "<group>";
		};
		A05DB3402A61D59F008753E2 /* SignUp */ = {
			isa = PBXGroup;
			children = (
				A05DB3412A61D59F008753E2 /* AppDelegate.swift */,
				A05DB3432A61D59F008753E2 /* SceneDelegate.swift */,
				A05DB3452A61D59F008753E2 /* ViewController.swift */,
				A06C54CA2A6EDBEE00E2AD3F /* ViewController_signIn.swift */,
				A0E3A4072A72224E00A8EFB1 /* ViewController_addInfo_signIn.swift */,
				A0E3A4082A72224E00A8EFB1 /* ViewController_addInfo_signIn.xib */,
				A05DB3472A61D59F008753E2 /* Main.storyboard */,
				A06C54C62A6E2D5900E2AD3F /* userInformation.swift */,
				A05DB34A2A61D59F008753E2 /* Assets.xcassets */,
				A05DB34C2A61D59F008753E2 /* LaunchScreen.storyboard */,
				A05DB34F2A61D59F008753E2 /* Info.plist */,
			);
			path = SignUp;
			sourceTree = "<group>";
		};
/* End PBXGroup section */

/* Begin PBXNativeTarget section */
		A05DB33D2A61D59F008753E2 /* SignUp */ = {
			isa = PBXNativeTarget;
			buildConfigurationList = A05DB3522A61D59F008753E2 /* Build configuration list for PBXNativeTarget "SignUp" */;
			buildPhases = (
				A05DB33A2A61D59F008753E2 /* Sources */,
				A05DB33B2A61D59F008753E2 /* Frameworks */,
				A05DB33C2A61D59F008753E2 /* Resources */,
			);
			buildRules = (
			);
			dependencies = (
			);
			name = SignUp;
			productName = SignUp;
			productReference = A05DB33E2A61D59F008753E2 /* SignUp.app */;
			productType = "com.apple.product-type.application";
		};
/* End PBXNativeTarget section */

/* Begin PBXProject section */
		A05DB3362A61D59F008753E2 /* Project object */ = {
			isa = PBXProject;
			attributes = {
				BuildIndependentTargetsInParallel = 1;
				LastSwiftUpdateCheck = 1430;
				LastUpgradeCheck = 1430;
				TargetAttributes = {
					A05DB33D2A61D59F008753E2 = {
						CreatedOnToolsVersion = 14.3.1;
					};
				};
			};
			buildConfigurationList = A05DB3392A61D59F008753E2 /* Build configuration list for PBXProject "SignUp" */;
			compatibilityVersion = "Xcode 14.0";
			developmentRegion = en;
			hasScannedForEncodings = 0;
			knownRegions = (
				en,
				Base,
			);
			mainGroup = A05DB3352A61D59F008753E2;
			productRefGroup = A05DB33F2A61D59F008753E2 /* Products */;
			projectDirPath = "";
			projectRoot = "";
			targets = (
				A05DB33D2A61D59F008753E2 /* SignUp */,
			);
		};
/* End PBXProject section */

/* Begin PBXResourcesBuildPhase section */
		A05DB33C2A61D59F008753E2 /* Resources */ = {
			isa = PBXResourcesBuildPhase;
			buildActionMask = 2147483647;
			files = (
				A0E3A40A2A72224E00A8EFB1 /* ViewController_addInfo_signIn.xib in Resources */,
				A05DB34E2A61D59F008753E2 /* LaunchScreen.storyboard in Resources */,
				A05DB34B2A61D59F008753E2 /* Assets.xcassets in Resources */,
				A05DB3492A61D59F008753E2 /* Main.storyboard in Resources */,
			);
			runOnlyForDeploymentPostprocessing = 0;
		};
/* End PBXResourcesBuildPhase section */

/* Begin PBXSourcesBuildPhase section */
		A05DB33A2A61D59F008753E2 /* Sources */ = {
			isa = PBXSourcesBuildPhase;
			buildActionMask = 2147483647;
			files = (
				A0E3A4092A72224E00A8EFB1 /* ViewController_addInfo_signIn.swift in Sources */,
				A05DB3462A61D59F008753E2 /* ViewController.swift in Sources */,
				A06C54C72A6E2D5900E2AD3F /* userInformation.swift in Sources */,
				A05DB3422A61D59F008753E2 /* AppDelegate.swift in Sources */,
				A05DB3442A61D59F008753E2 /* SceneDelegate.swift in Sources */,
				A06C54CB2A6EDBEE00E2AD3F /* ViewController_signIn.swift in Sources */,
			);
			runOnlyForDeploymentPostprocessing = 0;
		};
/* End PBXSourcesBuildPhase section */

/* Begin PBXVariantGroup section */
		A05DB3472A61D59F008753E2 /* Main.storyboard */ = {
			isa = PBXVariantGroup;
			children = (
				A05DB3482A61D59F008753E2 /* Base */,
			);
			name = Main.storyboard;
			sourceTree = "<group>";
		};
		A05DB34C2A61D59F008753E2 /* LaunchScreen.storyboard */ = {
			isa = PBXVariantGroup;
			children = (
				A05DB34D2A61D59F008753E2 /* Base */,
			);
			name = LaunchScreen.storyboard;
			sourceTree = "<group>";
		};
/* End PBXVariantGroup section */

/* Begin XCBuildConfiguration section */
		A05DB3502A61D59F008753E2 /* Debug */ = {
			isa = XCBuildConfiguration;
			buildSettings = {
				ALWAYS_SEARCH_USER_PATHS = NO;
				CLANG_ANALYZER_NONNULL = YES;
				CLANG_ANALYZER_NUMBER_OBJECT_CONVERSION = YES_AGGRESSIVE;
				CLANG_CXX_LANGUAGE_STANDARD = "gnu++20";
				CLANG_ENABLE_MODULES = YES;
				CLANG_ENABLE_OBJC_ARC = YES;
				CLANG_ENABLE_OBJC_WEAK = YES;
				CLANG_WARN_BLOCK_CAPTURE_AUTORELEASING = YES;
				CLANG_WARN_BOOL_CONVERSION = YES;
				CLANG_WARN_COMMA = YES;
				CLANG_WARN_CONSTANT_CONVERSION = YES;
				CLANG_WARN_DEPRECATED_OBJC_IMPLEMENTATIONS = YES;
				CLANG_WARN_DIRECT_OBJC_ISA_USAGE = YES_ERROR;
				CLANG_WARN_DOCUMENTATION_COMMENTS = YES;
				CLANG_WARN_EMPTY_BODY = YES;
				CLANG_WARN_ENUM_CONVERSION = YES;
				CLANG_WARN_INFINITE_RECURSION = YES;
				CLANG_WARN_INT_CONVERSION = YES;
				CLANG_WARN_NON_LITERAL_NULL_CONVERSION = YES;
				CLANG_WARN_OBJC_IMPLICIT_RETAIN_SELF = YES;
				CLANG_WARN_OBJC_LITERAL_CONVERSION = YES;
				CLANG_WARN_OBJC_ROOT_CLASS = YES_ERROR;
				CLANG_WARN_QUOTED_INCLUDE_IN_FRAMEWORK_HEADER = YES;
				CLANG_WARN_RANGE_LOOP_ANALYSIS = YES;
				CLANG_WARN_STRICT_PROTOTYPES = YES;
				CLANG_WARN_SUSPICIOUS_MOVE = YES;
				CLANG_WARN_UNGUARDED_AVAILABILITY = YES_AGGRESSIVE;
				CLANG_WARN_UNREACHABLE_CODE = YES;
				CLANG_WARN__DUPLICATE_METHOD_MATCH = YES;
				COPY_PHASE_STRIP = NO;
				DEBUG_INFORMATION_FORMAT = dwarf;
				ENABLE_STRICT_OBJC_MSGSEND = YES;
				ENABLE_TESTABILITY = YES;
				GCC_C_LANGUAGE_STANDARD = gnu11;
				GCC_DYNAMIC_NO_PIC = NO;
				GCC_NO_COMMON_BLOCKS = YES;
				GCC_OPTIMIZATION_LEVEL = 0;
				GCC_PREPROCESSOR_DEFINITIONS = (
					"DEBUG=1",
					"$(inherited)",
				);
				GCC_WARN_64_TO_32_BIT_CONVERSION = YES;
				GCC_WARN_ABOUT_RETURN_TYPE = YES_ERROR;
				GCC_WARN_UNDECLARED_SELECTOR = YES;
				GCC_WARN_UNINITIALIZED_AUTOS = YES_AGGRESSIVE;
				GCC_WARN_UNUSED_FUNCTION = YES;
				GCC_WARN_UNUSED_VARIABLE = YES;
				IPHONEOS_DEPLOYMENT_TARGET = 16.4;
				MTL_ENABLE_DEBUG_INFO = INCLUDE_SOURCE;
				MTL_FAST_MATH = YES;
				ONLY_ACTIVE_ARCH = YES;
				SDKROOT = iphoneos;
				SWIFT_ACTIVE_COMPILATION_CONDITIONS = DEBUG;
				SWIFT_OPTIMIZATION_LEVEL = "-Onone";
			};
			name = Debug;
		};
		A05DB3512A61D59F008753E2 /* Release */ = {
			isa = XCBuildConfiguration;
			buildSettings = {
				ALWAYS_SEARCH_USER_PATHS = NO;
				CLANG_ANALYZER_NONNULL = YES;
				CLANG_ANALYZER_NUMBER_OBJECT_CONVERSION = YES_AGGRESSIVE;
				CLANG_CXX_LANGUAGE_STANDARD = "gnu++20";
				CLANG_ENABLE_MODULES = YES;
				CLANG_ENABLE_OBJC_ARC = YES;
				CLANG_ENABLE_OBJC_WEAK = YES;
				CLANG_WARN_BLOCK_CAPTURE_AUTORELEASING = YES;
				CLANG_WARN_BOOL_CONVERSION = YES;
				CLANG_WARN_COMMA = YES;
				CLANG_WARN_CONSTANT_CONVERSION = YES;
				CLANG_WARN_DEPRECATED_OBJC_IMPLEMENTATIONS = YES;
				CLANG_WARN_DIRECT_OBJC_ISA_USAGE = YES_ERROR;
				CLANG_WARN_DOCUMENTATION_COMMENTS = YES;
				CLANG_WARN_EMPTY_BODY = YES;
				CLANG_WARN_ENUM_CONVERSION = YES;
				CLANG_WARN_INFINITE_RECURSION = YES;
				CLANG_WARN_INT_CONVERSION = YES;
				CLANG_WARN_NON_LITERAL_NULL_CONVERSION = YES;
				CLANG_WARN_OBJC_IMPLICIT_RETAIN_SELF = YES;
				CLANG_WARN_OBJC_LITERAL_CONVERSION = YES;
				CLANG_WARN_OBJC_ROOT_CLASS = YES_ERROR;
				CLANG_WARN_QUOTED_INCLUDE_IN_FRAMEWORK_HEADER = YES;
				CLANG_WARN_RANGE_LOOP_ANALYSIS = YES;
				CLANG_WARN_STRICT_PROTOTYPES = YES;
				CLANG_WARN_SUSPICIOUS_MOVE = YES;
				CLANG_WARN_UNGUARDED_AVAILABILITY = YES_AGGRESSIVE;
				CLANG_WARN_UNREACHABLE_CODE = YES;
				CLANG_WARN__DUPLICATE_METHOD_MATCH = YES;
				COPY_PHASE_STRIP = NO;
				DEBUG_INFORMATION_FORMAT = "dwarf-with-dsym";
				ENABLE_NS_ASSERTIONS = NO;
				ENABLE_STRICT_OBJC_MSGSEND = YES;
				GCC_C_LANGUAGE_STANDARD = gnu11;
				GCC_NO_COMMON_BLOCKS = YES;
				GCC_WARN_64_TO_32_BIT_CONVERSION = YES;
				GCC_WARN_ABOUT_RETURN_TYPE = YES_ERROR;
				GCC_WARN_UNDECLARED_SELECTOR = YES;
				GCC_WARN_UNINITIALIZED_AUTOS = YES_AGGRESSIVE;
				GCC_WARN_UNUSED_FUNCTION = YES;
				GCC_WARN_UNUSED_VARIABLE = YES;
				IPHONEOS_DEPLOYMENT_TARGET = 16.4;
				MTL_ENABLE_DEBUG_INFO = NO;
				MTL_FAST_MATH = YES;
				SDKROOT = iphoneos;
				SWIFT_COMPILATION_MODE = wholemodule;
				SWIFT_OPTIMIZATION_LEVEL = "-O";
				VALIDATE_PRODUCT = YES;
			};
			name = Release;
		};
		A05DB3532A61D59F008753E2 /* Debug */ = {
			isa = XCBuildConfiguration;
			buildSettings = {
				ASSETCATALOG_COMPILER_APPICON_NAME = AppIcon;
				ASSETCATALOG_COMPILER_GLOBAL_ACCENT_COLOR_NAME = AccentColor;
				CODE_SIGN_STYLE = Automatic;
				CURRENT_PROJECT_VERSION = 1;
				GENERATE_INFOPLIST_FILE = YES;
				INFOPLIST_FILE = SignUp/Info.plist;
				INFOPLIST_KEY_UIApplicationSupportsIndirectInputEvents = YES;
				INFOPLIST_KEY_UILaunchStoryboardName = LaunchScreen;
				INFOPLIST_KEY_UIMainStoryboardFile = Main;
				INFOPLIST_KEY_UISupportedInterfaceOrientations_iPad = "UIInterfaceOrientationPortrait UIInterfaceOrientationPortraitUpsideDown UIInterfaceOrientationLandscapeLeft UIInterfaceOrientationLandscapeRight";
				INFOPLIST_KEY_UISupportedInterfaceOrientations_iPhone = "UIInterfaceOrientationPortrait UIInterfaceOrientationLandscapeLeft UIInterfaceOrientationLandscapeRight";
				LD_RUNPATH_SEARCH_PATHS = (
					"$(inherited)",
					"@executable_path/Frameworks",
				);
				MARKETING_VERSION = 1.0;
				PRODUCT_BUNDLE_IDENTIFIER = yeolife.SignUp;
				PRODUCT_NAME = "$(TARGET_NAME)";
				SWIFT_EMIT_LOC_STRINGS = YES;
				SWIFT_VERSION = 5.0;
				TARGETED_DEVICE_FAMILY = "1,2";
			};
			name = Debug;
		};
		A05DB3542A61D59F008753E2 /* Release */ = {
			isa = XCBuildConfiguration;
			buildSettings = {
				ASSETCATALOG_COMPILER_APPICON_NAME = AppIcon;
				ASSETCATALOG_COMPILER_GLOBAL_ACCENT_COLOR_NAME = AccentColor;
				CODE_SIGN_STYLE = Automatic;
				CURRENT_PROJECT_VERSION = 1;
				GENERATE_INFOPLIST_FILE = YES;
				INFOPLIST_FILE = SignUp/Info.plist;
				INFOPLIST_KEY_UIApplicationSupportsIndirectInputEvents = YES;
				INFOPLIST_KEY_UILaunchStoryboardName = LaunchScreen;
				INFOPLIST_KEY_UIMainStoryboardFile = Main;
				INFOPLIST_KEY_UISupportedInterfaceOrientations_iPad = "UIInterfaceOrientationPortrait UIInterfaceOrientationPortraitUpsideDown UIInterfaceOrientationLandscapeLeft UIInterfaceOrientationLandscapeRight";
				INFOPLIST_KEY_UISupportedInterfaceOrientations_iPhone = "UIInterfaceOrientationPortrait UIInterfaceOrientationLandscapeLeft UIInterfaceOrientationLandscapeRight";
				LD_RUNPATH_SEARCH_PATHS = (
					"$(inherited)",
					"@executable_path/Frameworks",
				);
				MARKETING_VERSION = 1.0;
				PRODUCT_BUNDLE_IDENTIFIER = yeolife.SignUp;
				PRODUCT_NAME = "$(TARGET_NAME)";
				SWIFT_EMIT_LOC_STRINGS = YES;
				SWIFT_VERSION = 5.0;
				TARGETED_DEVICE_FAMILY = "1,2";
			};
			name = Release;
		};
/* End XCBuildConfiguration section */

/* Begin XCConfigurationList section */
		A05DB3392A61D59F008753E2 /* Build configuration list for PBXProject "SignUp" */ = {
			isa = XCConfigurationList;
			buildConfigurations = (
				A05DB3502A61D59F008753E2 /* Debug */,
				A05DB3512A61D59F008753E2 /* Release */,
			);
			defaultConfigurationIsVisible = 0;
			defaultConfigurationName = Release;
		};
		A05DB3522A61D59F008753E2 /* Build configuration list for PBXNativeTarget "SignUp" */ = {
			isa = XCConfigurationList;
			buildConfigurations = (
				A05DB3532A61D59F008753E2 /* Debug */,
				A05DB3542A61D59F008753E2 /* Release */,
			);
			defaultConfigurationIsVisible = 0;
			defaultConfigurationName = Release;
		};
/* End XCConfigurationList section */
	};
	rootObject = A05DB3362A61D59F008753E2 /* Project object */;
}
